
Microsoft Visual Studio Solution File, Format Version 12.00
# Visual Studio Version 16
VisualStudioVersion = 16.0.31320.298
MinimumVisualStudioVersion = 10.0.40219.1
Project("{FAE04EC0-301F-11D3-BF4B-00C04F79EFBC}") = "KeyCloakTryOut.WebApi", "KeyCloakTryOut.WebApi\KeyCloakTryOut.WebApi.csproj", "{BDEE0B19-839B-45E2-828F-91473FECFC52}"
EndProject
Global
	GlobalSection(SolutionConfigurationPlatforms) = preSolution
		Debug|Any CPU = Debug|Any CPU
		Release|Any CPU = Release|Any CPU
	EndGlobalSection
	GlobalSection(ProjectConfigurationPlatforms) = postSolution
		{BDEE0B19-839B-45E2-828F-91473FECFC52}.Debug|Any CPU.ActiveCfg = Debug|Any CPU
		{BDEE0B19-839B-45E2-828F-91473FECFC52}.Debug|Any CPU.Build.0 = Debug|Any CPU
		{BDEE0B19-839B-45E2-828F-91473FECFC52}.Release|Any CPU.ActiveCfg = Release|Any CPU
		{BDEE0B19-839B-45E2-828F-91473FECFC52}.Release|Any CPU.Build.0 = Release|Any CPU
	EndGlobalSection
	GlobalSection(SolutionProperties) = preSolution
		HideSolutionNode = FALSE
	EndGlobalSection
	GlobalSection(ExtensibilityGlobals) = postSolution
		SolutionGuid = {5326769D-DAFF-4ADD-8543-9678AADCD9B8}
	EndGlobalSection
EndGlobal
